
Microsoft Visual Studio Solution File, Format Version 12.00
# Visual Studio Version 17
VisualStudioVersion = 17.5.002.0
MinimumVisualStudioVersion = 10.0.40219.1
Project("{FAE04EC0-301F-11D3-BF4B-00C04F79EFBC}") = "FuncApp.HttpTrigger", "FuncApp.HttpTrigger\FuncApp.HttpTrigger.csproj", "{60E2C3A9-A07C-45E3-9D75-645AA7BE9B9A}"
EndProject
Project("{FAE04EC0-301F-11D3-BF4B-00C04F79EFBC}") = "FuncApp.TimerTrigger", "FuncApp.TimerTrigger\FuncApp.TimerTrigger.csproj", "{D35BC14E-98B0-4FEA-A491-15D811EB024F}"
EndProject
Project("{FAE04EC0-301F-11D3-BF4B-00C04F79EFBC}") = "FuncApp.DurableHttp", "FuncApp.DurableHttp\FuncApp.DurableHttp.csproj", "{CF2195A9-C28D-43B2-B678-CFFA81ECEEA8}"
EndProject
Project("{FAE04EC0-301F-11D3-BF4B-00C04F79EFBC}") = "FuncApp.Client", "FuncApp.Client\FuncApp.Client.csproj", "{8EBA4F49-B3B9-4A54-9AD5-CD2FC1494656}"
EndProject
Global
	GlobalSection(SolutionConfigurationPlatforms) = preSolution
		Debug|Any CPU = Debug|Any CPU
		Release|Any CPU = Release|Any CPU
	EndGlobalSection
	GlobalSection(ProjectConfigurationPlatforms) = postSolution
		{60E2C3A9-A07C-45E3-9D75-645AA7BE9B9A}.Debug|Any CPU.ActiveCfg = Debug|Any CPU
		{60E2C3A9-A07C-45E3-9D75-645AA7BE9B9A}.Debug|Any CPU.Build.0 = Debug|Any CPU
		{60E2C3A9-A07C-45E3-9D75-645AA7BE9B9A}.Release|Any CPU.ActiveCfg = Release|Any CPU
		{60E2C3A9-A07C-45E3-9D75-645AA7BE9B9A}.Release|Any CPU.Build.0 = Release|Any CPU
		{D35BC14E-98B0-4FEA-A491-15D811EB024F}.Debug|Any CPU.ActiveCfg = Debug|Any CPU
		{D35BC14E-98B0-4FEA-A491-15D811EB024F}.Debug|Any CPU.Build.0 = Debug|Any CPU
		{D35BC14E-98B0-4FEA-A491-15D811EB024F}.Release|Any CPU.ActiveCfg = Release|Any CPU
		{D35BC14E-98B0-4FEA-A491-15D811EB024F}.Release|Any CPU.Build.0 = Release|Any CPU
		{CF2195A9-C28D-43B2-B678-CFFA81ECEEA8}.Debug|Any CPU.ActiveCfg = Debug|Any CPU
		{CF2195A9-C28D-43B2-B678-CFFA81ECEEA8}.Debug|Any CPU.Build.0 = Debug|Any CPU
		{CF2195A9-C28D-43B2-B678-CFFA81ECEEA8}.Release|Any CPU.ActiveCfg = Release|Any CPU
		{CF2195A9-C28D-43B2-B678-CFFA81ECEEA8}.Release|Any CPU.Build.0 = Release|Any CPU
		{8EBA4F49-B3B9-4A54-9AD5-CD2FC1494656}.Debug|Any CPU.ActiveCfg = Debug|Any CPU
		{8EBA4F49-B3B9-4A54-9AD5-CD2FC1494656}.Debug|Any CPU.Build.0 = Debug|Any CPU
		{8EBA4F49-B3B9-4A54-9AD5-CD2FC1494656}.Release|Any CPU.ActiveCfg = Release|Any CPU
		{8EBA4F49-B3B9-4A54-9AD5-CD2FC1494656}.Release|Any CPU.Build.0 = Release|Any CPU
	EndGlobalSection
	GlobalSection(SolutionProperties) = preSolution
		HideSolutionNode = FALSE
	EndGlobalSection
	GlobalSection(ExtensibilityGlobals) = postSolution
		SolutionGuid = {CC364F9E-012F-4DAC-8C62-A2E3CD34C208}
	EndGlobalSection
EndGlobal
